
Microsoft Visual Studio Solution File, Format Version 12.00
# Visual Studio Version 16
VisualStudioVersion = 16.0.31624.102
MinimumVisualStudioVersion = 10.0.40219.1
Project("{FAE04EC0-301F-11D3-BF4B-00C04F79EFBC}") = "OtecLibrary", "OtecLibrary\OtecLibrary.csproj", "{76664853-D9B8-4834-BB9D-A5AD8B2BEF81}"
EndProject
Project("{FAE04EC0-301F-11D3-BF4B-00C04F79EFBC}") = "WebApplicationOtec", "WebApplicationOtec\WebApplicationOtec.csproj", "{4173C3E3-85FF-482E-80D3-41480AF21268}"
EndProject
Global
	GlobalSection(SolutionConfigurationPlatforms) = preSolution
		Debug|Any CPU = Debug|Any CPU
		Release|Any CPU = Release|Any CPU
	EndGlobalSection
	GlobalSection(ProjectConfigurationPlatforms) = postSolution
		{76664853-D9B8-4834-BB9D-A5AD8B2BEF81}.Debug|Any CPU.ActiveCfg = Debug|Any CPU
		{76664853-D9B8-4834-BB9D-A5AD8B2BEF81}.Debug|Any CPU.Build.0 = Debug|Any CPU
		{76664853-D9B8-4834-BB9D-A5AD8B2BEF81}.Release|Any CPU.ActiveCfg = Release|Any CPU
		{76664853-D9B8-4834-BB9D-A5AD8B2BEF81}.Release|Any CPU.Build.0 = Release|Any CPU
		{4173C3E3-85FF-482E-80D3-41480AF21268}.Debug|Any CPU.ActiveCfg = Debug|Any CPU
		{4173C3E3-85FF-482E-80D3-41480AF21268}.Debug|Any CPU.Build.0 = Debug|Any CPU
		{4173C3E3-85FF-482E-80D3-41480AF21268}.Release|Any CPU.ActiveCfg = Release|Any CPU
		{4173C3E3-85FF-482E-80D3-41480AF21268}.Release|Any CPU.Build.0 = Release|Any CPU
	EndGlobalSection
	GlobalSection(SolutionProperties) = preSolution
		HideSolutionNode = FALSE
	EndGlobalSection
	GlobalSection(ExtensibilityGlobals) = postSolution
		SolutionGuid = {23B98864-B1BD-4183-9124-16FB9FF20775}
	EndGlobalSection
EndGlobal
